// !$*UTF8*$!
{
	archiveVersion = 1;
	classes = {
	};
	objectVersion = 50;
	objects = {

/* Begin PBXBuildFile section */
		AC44C83B22B1685100A7EA15 /* AppDelegate.swift in Sources */ = {isa = PBXBuildFile; fileRef = AC44C83A22B1685100A7EA15 /* AppDelegate.swift */; };
		AC44C83D22B1685100A7EA15 /* SceneDelegate.swift in Sources */ = {isa = PBXBuildFile; fileRef = AC44C83C22B1685100A7EA15 /* SceneDelegate.swift */; };
		AC44C83F22B1685100A7EA15 /* ContentView.swift in Sources */ = {isa = PBXBuildFile; fileRef = AC44C83E22B1685100A7EA15 /* ContentView.swift */; };
		AC44C84122B1685200A7EA15 /* Assets.xcassets in Resources */ = {isa = PBXBuildFile; fileRef = AC44C84022B1685200A7EA15 /* Assets.xcassets */; };
		AC44C84422B1685200A7EA15 /* Preview Assets.xcassets in Resources */ = {isa = PBXBuildFile; fileRef = AC44C84322B1685200A7EA15 /* Preview Assets.xcassets */; };
		AC44C84722B1685200A7EA15 /* LaunchScreen.storyboard in Resources */ = {isa = PBXBuildFile; fileRef = AC44C84522B1685200A7EA15 /* LaunchScreen.storyboard */; };
		AC44C84F22B16C0900A7EA15 /* Course.swift in Sources */ = {isa = PBXBuildFile; fileRef = AC44C84E22B16C0900A7EA15 /* Course.swift */; };
		AC44C85122B16E2500A7EA15 /* NetworkManager.swift in Sources */ = {isa = PBXBuildFile; fileRef = AC44C85022B16E2500A7EA15 /* NetworkManager.swift */; };
		AC44C85322B17D5300A7EA15 /* CourseRowView.swift in Sources */ = {isa = PBXBuildFile; fileRef = AC44C85222B17D5300A7EA15 /* CourseRowView.swift */; };
		AC44C85522B17F9D00A7EA15 /* ImageLoader.swift in Sources */ = {isa = PBXBuildFile; fileRef = AC44C85422B17F9D00A7EA15 /* ImageLoader.swift */; };
		AC44C85722B1807B00A7EA15 /* ImageViewWidget.swift in Sources */ = {isa = PBXBuildFile; fileRef = AC44C85622B1807B00A7EA15 /* ImageViewWidget.swift */; };
/* End PBXBuildFile section */

/* Begin PBXFileReference section */
		AC44C83722B1685100A7EA15 /* SwiftUI-JSON.app */ = {isa = PBXFileReference; explicitFileType = wrapper.application; includeInIndex = 0; path = "SwiftUI-JSON.app"; sourceTree = BUILT_PRODUCTS_DIR; };
		AC44C83A22B1685100A7EA15 /* AppDelegate.swift */ = {isa = PBXFileReference; lastKnownFileType = sourcecode.swift; path = AppDelegate.swift; sourceTree = "<group>"; };
		AC44C83C22B1685100A7EA15 /* SceneDelegate.swift */ = {isa = PBXFileReference; lastKnownFileType = sourcecode.swift; path = SceneDelegate.swift; sourceTree = "<group>"; };
		AC44C83E22B1685100A7EA15 /* ContentView.swift */ = {isa = PBXFileReference; lastKnownFileType = sourcecode.swift; path = ContentView.swift; sourceTree = "<group>"; };
		AC44C84022B1685200A7EA15 /* Assets.xcassets */ = {isa = PBXFileReference; lastKnownFileType = folder.assetcatalog; path = Assets.xcassets; sourceTree = "<group>"; };
		AC44C84322B1685200A7EA15 /* Preview Assets.xcassets */ = {isa = PBXFileReference; lastKnownFileType = folder.assetcatalog; path = "Preview Assets.xcassets"; sourceTree = "<group>"; };
		AC44C84622B1685200A7EA15 /* Base */ = {isa = PBXFileReference; lastKnownFileType = file.storyboard; name = Base; path = Base.lproj/LaunchScreen.storyboard; sourceTree = "<group>"; };
		AC44C84822B1685200A7EA15 /* Info.plist */ = {isa = PBXFileReference; lastKnownFileType = text.plist.xml; path = Info.plist; sourceTree = "<group>"; };
		AC44C84E22B16C0900A7EA15 /* Course.swift */ = {isa = PBXFileReference; lastKnownFileType = sourcecode.swift; path = Course.swift; sourceTree = "<group>"; };
		AC44C85022B16E2500A7EA15 /* NetworkManager.swift */ = {isa = PBXFileReference; lastKnownFileType = sourcecode.swift; path = NetworkManager.swift; sourceTree = "<group>"; };
		AC44C85222B17D5300A7EA15 /* CourseRowView.swift */ = {isa = PBXFileReference; lastKnownFileType = sourcecode.swift; path = CourseRowView.swift; sourceTree = "<group>"; };
		AC44C85422B17F9D00A7EA15 /* ImageLoader.swift */ = {isa = PBXFileReference; lastKnownFileType = sourcecode.swift; path = ImageLoader.swift; sourceTree = "<group>"; };
		AC44C85622B1807B00A7EA15 /* ImageViewWidget.swift */ = {isa = PBXFileReference; lastKnownFileType = sourcecode.swift; path = ImageViewWidget.swift; sourceTree = "<group>"; };
/* End PBXFileReference section */

/* Begin PBXFrameworksBuildPhase section */
		AC44C83422B1685100A7EA15 /* Frameworks */ = {
			isa = PBXFrameworksBuildPhase;
			buildActionMask = 2147483647;
			files = (
			);
			runOnlyForDeploymentPostprocessing = 0;
		};
/* End PBXFrameworksBuildPhase section */

/* Begin PBXGroup section */
		AC44C82E22B1685100A7EA15 = {
			isa = PBXGroup;
			children = (
				AC44C83922B1685100A7EA15 /* SwiftUI-JSON */,
				AC44C83822B1685100A7EA15 /* Products */,
			);
			sourceTree = "<group>";
		};
		AC44C83822B1685100A7EA15 /* Products */ = {
			isa = PBXGroup;
			children = (
				AC44C83722B1685100A7EA15 /* SwiftUI-JSON.app */,
			);
			name = Products;
			sourceTree = "<group>";
		};
		AC44C83922B1685100A7EA15 /* SwiftUI-JSON */ = {
			isa = PBXGroup;
			children = (
				AC44C83A22B1685100A7EA15 /* AppDelegate.swift */,
				AC44C83C22B1685100A7EA15 /* SceneDelegate.swift */,
				AC44C83E22B1685100A7EA15 /* ContentView.swift */,
				AC44C85222B17D5300A7EA15 /* CourseRowView.swift */,
				AC44C84E22B16C0900A7EA15 /* Course.swift */,
				AC44C85022B16E2500A7EA15 /* NetworkManager.swift */,
				AC44C85422B17F9D00A7EA15 /* ImageLoader.swift */,
				AC44C85622B1807B00A7EA15 /* ImageViewWidget.swift */,
				AC44C84022B1685200A7EA15 /* Assets.xcassets */,
				AC44C84522B1685200A7EA15 /* LaunchScreen.storyboard */,
				AC44C84822B1685200A7EA15 /* Info.plist */,
				AC44C84222B1685200A7EA15 /* Preview Content */,
			);
			path = "SwiftUI-JSON";
			sourceTree = "<group>";
		};
		AC44C84222B1685200A7EA15 /* Preview Content */ = {
			isa = PBXGroup;
			children = (
				AC44C84322B1685200A7EA15 /* Preview Assets.xcassets */,
			);
			path = "Preview Content";
			sourceTree = "<group>";
		};
/* End PBXGroup section */

/* Begin PBXNativeTarget section */
		AC44C83622B1685100A7EA15 /* SwiftUI-JSON */ = {
			isa = PBXNativeTarget;
			buildConfigurationList = AC44C84B22B1685200A7EA15 /* Build configuration list for PBXNativeTarget "SwiftUI-JSON" */;
			buildPhases = (
				AC44C83322B1685100A7EA15 /* Sources */,
				AC44C83422B1685100A7EA15 /* Frameworks */,
				AC44C83522B1685100A7EA15 /* Resources */,
			);
			buildRules = (
			);
			dependencies = (
			);
			name = "SwiftUI-JSON";
			productName = "SwiftUI-JSON";
			productReference = AC44C83722B1685100A7EA15 /* SwiftUI-JSON.app */;
			productType = "com.apple.product-type.application";
		};
/* End PBXNativeTarget section */

/* Begin PBXProject section */
		AC44C82F22B1685100A7EA15 /* Project object */ = {
			isa = PBXProject;
			attributes = {
				LastSwiftUpdateCheck = 1100;
				LastUpgradeCheck = 1100;
				ORGANIZATIONNAME = "Maxim Granchenko";
				TargetAttributes = {
					AC44C83622B1685100A7EA15 = {
						CreatedOnToolsVersion = 11.0;
					};
				};
			};
			buildConfigurationList = AC44C83222B1685100A7EA15 /* Build configuration list for PBXProject "SwiftUI-JSON" */;
			compatibilityVersion = "Xcode 9.3";
			developmentRegion = en;
			hasScannedForEncodings = 0;
			knownRegions = (
				en,
				Base,
			);
			mainGroup = AC44C82E22B1685100A7EA15;
			productRefGroup = AC44C83822B1685100A7EA15 /* Products */;
			projectDirPath = "";
			projectRoot = "";
			targets = (
				AC44C83622B1685100A7EA15 /* SwiftUI-JSON */,
			);
		};
/* End PBXProject section */

/* Begin PBXResourcesBuildPhase section */
		AC44C83522B1685100A7EA15 /* Resources */ = {
			isa = PBXResourcesBuildPhase;
			buildActionMask = 2147483647;
			files = (
				AC44C84722B1685200A7EA15 /* LaunchScreen.storyboard in Resources */,
				AC44C84422B1685200A7EA15 /* Preview Assets.xcassets in Resources */,
				AC44C84122B1685200A7EA15 /* Assets.xcassets in Resources */,
			);
			runOnlyForDeploymentPostprocessing = 0;
		};
/* End PBXResourcesBuildPhase section */

/* Begin PBXSourcesBuildPhase section */
		AC44C83322B1685100A7EA15 /* Sources */ = {
			isa = PBXSourcesBuildPhase;
			buildActionMask = 2147483647;
			files = (
				AC44C85522B17F9D00A7EA15 /* ImageLoader.swift in Sources */,
				AC44C84F22B16C0900A7EA15 /* Course.swift in Sources */,
				AC44C85722B1807B00A7EA15 /* ImageViewWidget.swift in Sources */,
				AC44C83B22B1685100A7EA15 /* AppDelegate.swift in Sources */,
				AC44C85122B16E2500A7EA15 /* NetworkManager.swift in Sources */,
				AC44C83D22B1685100A7EA15 /* SceneDelegate.swift in Sources */,
				AC44C85322B17D5300A7EA15 /* CourseRowView.swift in Sources */,
				AC44C83F22B1685100A7EA15 /* ContentView.swift in Sources */,
			);
			runOnlyForDeploymentPostprocessing = 0;
		};
/* End PBXSourcesBuildPhase section */

/* Begin PBXVariantGroup section */
		AC44C84522B1685200A7EA15 /* LaunchScreen.storyboard */ = {
			isa = PBXVariantGroup;
			children = (
				AC44C84622B1685200A7EA15 /* Base */,
			);
			name = LaunchScreen.storyboard;
			sourceTree = "<group>";
		};
/* End PBXVariantGroup section */

/* Begin XCBuildConfiguration section */
		AC44C84922B1685200A7EA15 /* Debug */ = {
			isa = XCBuildConfiguration;
			buildSettings = {
				ALWAYS_SEARCH_USER_PATHS = NO;
				CLANG_ANALYZER_NONNULL = YES;
				CLANG_ANALYZER_NUMBER_OBJECT_CONVERSION = YES_AGGRESSIVE;
				CLANG_CXX_LANGUAGE_STANDARD = "gnu++14";
				CLANG_CXX_LIBRARY = "libc++";
				CLANG_ENABLE_MODULES = YES;
				CLANG_ENABLE_OBJC_ARC = YES;
				CLANG_ENABLE_OBJC_WEAK = YES;
				CLANG_WARN_BLOCK_CAPTURE_AUTORELEASING = YES;
				CLANG_WARN_BOOL_CONVERSION = YES;
				CLANG_WARN_COMMA = YES;
				CLANG_WARN_CONSTANT_CONVERSION = YES;
				CLANG_WARN_DEPRECATED_OBJC_IMPLEMENTATIONS = YES;
				CLANG_WARN_DIRECT_OBJC_ISA_USAGE = YES_ERROR;
				CLANG_WARN_DOCUMENTATION_COMMENTS = YES;
				CLANG_WARN_EMPTY_BODY = YES;
				CLANG_WARN_ENUM_CONVERSION = YES;
				CLANG_WARN_INFINITE_RECURSION = YES;
				CLANG_WARN_INT_CONVERSION = YES;
				CLANG_WARN_NON_LITERAL_NULL_CONVERSION = YES;
				CLANG_WARN_OBJC_IMPLICIT_RETAIN_SELF = YES;
				CLANG_WARN_OBJC_LITERAL_CONVERSION = YES;
				CLANG_WARN_OBJC_ROOT_CLASS = YES_ERROR;
				CLANG_WARN_RANGE_LOOP_ANALYSIS = YES;
				CLANG_WARN_STRICT_PROTOTYPES = YES;
				CLANG_WARN_SUSPICIOUS_MOVE = YES;
				CLANG_WARN_UNGUARDED_AVAILABILITY = YES_AGGRESSIVE;
				CLANG_WARN_UNREACHABLE_CODE = YES;
				CLANG_WARN__DUPLICATE_METHOD_MATCH = YES;
				COPY_PHASE_STRIP = NO;
				DEBUG_INFORMATION_FORMAT = dwarf;
				ENABLE_STRICT_OBJC_MSGSEND = YES;
				ENABLE_TESTABILITY = YES;
				GCC_C_LANGUAGE_STANDARD = gnu11;
				GCC_DYNAMIC_NO_PIC = NO;
				GCC_NO_COMMON_BLOCKS = YES;
				GCC_OPTIMIZATION_LEVEL = 0;
				GCC_PREPROCESSOR_DEFINITIONS = (
					"DEBUG=1",
					"$(inherited)",
				);
				GCC_WARN_64_TO_32_BIT_CONVERSION = YES;
				GCC_WARN_ABOUT_RETURN_TYPE = YES_ERROR;
				GCC_WARN_UNDECLARED_SELECTOR = YES;
				GCC_WARN_UNINITIALIZED_AUTOS = YES_AGGRESSIVE;
				GCC_WARN_UNUSED_FUNCTION = YES;
				GCC_WARN_UNUSED_VARIABLE = YES;
				IPHONEOS_DEPLOYMENT_TARGET = 13.0;
				MTL_ENABLE_DEBUG_INFO = INCLUDE_SOURCE;
				MTL_FAST_MATH = YES;
				ONLY_ACTIVE_ARCH = YES;
				SDKROOT = iphoneos;
				SWIFT_ACTIVE_COMPILATION_CONDITIONS = DEBUG;
				SWIFT_OPTIMIZATION_LEVEL = "-Onone";
			};
			name = Debug;
		};
		AC44C84A22B1685200A7EA15 /* Release */ = {
			isa = XCBuildConfiguration;
			buildSettings = {
				ALWAYS_SEARCH_USER_PATHS = NO;
				CLANG_ANALYZER_NONNULL = YES;
				CLANG_ANALYZER_NUMBER_OBJECT_CONVERSION = YES_AGGRESSIVE;
				CLANG_CXX_LANGUAGE_STANDARD = "gnu++14";
				CLANG_CXX_LIBRARY = "libc++";
				CLANG_ENABLE_MODULES = YES;
				CLANG_ENABLE_OBJC_ARC = YES;
				CLANG_ENABLE_OBJC_WEAK = YES;
				CLANG_WARN_BLOCK_CAPTURE_AUTORELEASING = YES;
				CLANG_WARN_BOOL_CONVERSION = YES;
				CLANG_WARN_COMMA = YES;
				CLANG_WARN_CONSTANT_CONVERSION = YES;
				CLANG_WARN_DEPRECATED_OBJC_IMPLEMENTATIONS = YES;
				CLANG_WARN_DIRECT_OBJC_ISA_USAGE = YES_ERROR;
				CLANG_WARN_DOCUMENTATION_COMMENTS = YES;
				CLANG_WARN_EMPTY_BODY = YES;
				CLANG_WARN_ENUM_CONVERSION = YES;
				CLANG_WARN_INFINITE_RECURSION = YES;
				CLANG_WARN_INT_CONVERSION = YES;
				CLANG_WARN_NON_LITERAL_NULL_CONVERSION = YES;
				CLANG_WARN_OBJC_IMPLICIT_RETAIN_SELF = YES;
				CLANG_WARN_OBJC_LITERAL_CONVERSION = YES;
				CLANG_WARN_OBJC_ROOT_CLASS = YES_ERROR;
				CLANG_WARN_RANGE_LOOP_ANALYSIS = YES;
				CLANG_WARN_STRICT_PROTOTYPES = YES;
				CLANG_WARN_SUSPICIOUS_MOVE = YES;
				CLANG_WARN_UNGUARDED_AVAILABILITY = YES_AGGRESSIVE;
				CLANG_WARN_UNREACHABLE_CODE = YES;
				CLANG_WARN__DUPLICATE_METHOD_MATCH = YES;
				COPY_PHASE_STRIP = NO;
				DEBUG_INFORMATION_FORMAT = "dwarf-with-dsym";
				ENABLE_NS_ASSERTIONS = NO;
				ENABLE_STRICT_OBJC_MSGSEND = YES;
				GCC_C_LANGUAGE_STANDARD = gnu11;
				GCC_NO_COMMON_BLOCKS = YES;
				GCC_WARN_64_TO_32_BIT_CONVERSION = YES;
				GCC_WARN_ABOUT_RETURN_TYPE = YES_ERROR;
				GCC_WARN_UNDECLARED_SELECTOR = YES;
				GCC_WARN_UNINITIALIZED_AUTOS = YES_AGGRESSIVE;
				GCC_WARN_UNUSED_FUNCTION = YES;
				GCC_WARN_UNUSED_VARIABLE = YES;
				IPHONEOS_DEPLOYMENT_TARGET = 13.0;
				MTL_ENABLE_DEBUG_INFO = NO;
				MTL_FAST_MATH = YES;
				SDKROOT = iphoneos;
				SWIFT_COMPILATION_MODE = wholemodule;
				SWIFT_OPTIMIZATION_LEVEL = "-O";
				VALIDATE_PRODUCT = YES;
			};
			name = Release;
		};
		AC44C84C22B1685200A7EA15 /* Debug */ = {
			isa = XCBuildConfiguration;
			buildSettings = {
				ASSETCATALOG_COMPILER_APPICON_NAME = AppIcon;
				CODE_SIGN_STYLE = Automatic;
				DEVELOPMENT_ASSET_PATHS = "SwiftUI-JSON/Preview\\ Content";
				DEVELOPMENT_TEAM = R4XB56HC9M;
				ENABLE_PREVIEWS = YES;
				INFOPLIST_FILE = "SwiftUI-JSON/Info.plist";
				LD_RUNPATH_SEARCH_PATHS = (
					"$(inherited)",
					"@executable_path/Frameworks",
				);
				PRODUCT_BUNDLE_IDENTIFIER = "iMakca.SwiftUI-JSON";
				PRODUCT_NAME = "$(TARGET_NAME)";
				SWIFT_VERSION = 5.0;
				TARGETED_DEVICE_FAMILY = "1,2";
			};
			name = Debug;
		};
		AC44C84D22B1685200A7EA15 /* Release */ = {
			isa = XCBuildConfiguration;
			buildSettings = {
				ASSETCATALOG_COMPILER_APPICON_NAME = AppIcon;
				CODE_SIGN_STYLE = Automatic;
				DEVELOPMENT_ASSET_PATHS = "SwiftUI-JSON/Preview\\ Content";
				DEVELOPMENT_TEAM = R4XB56HC9M;
				ENABLE_PREVIEWS = YES;
				INFOPLIST_FILE = "SwiftUI-JSON/Info.plist";
				LD_RUNPATH_SEARCH_PATHS = (
					"$(inherited)",
					"@executable_path/Frameworks",
				);
				PRODUCT_BUNDLE_IDENTIFIER = "iMakca.SwiftUI-JSON";
				PRODUCT_NAME = "$(TARGET_NAME)";
				SWIFT_VERSION = 5.0;
				TARGETED_DEVICE_FAMILY = "1,2";
			};
			name = Release;
		};
/* End XCBuildConfiguration section */

/* Begin XCConfigurationList section */
		AC44C83222B1685100A7EA15 /* Build configuration list for PBXProject "SwiftUI-JSON" */ = {
			isa = XCConfigurationList;
			buildConfigurations = (
				AC44C84922B1685200A7EA15 /* Debug */,
				AC44C84A22B1685200A7EA15 /* Release */,
			);
			defaultConfigurationIsVisible = 0;
			defaultConfigurationName = Release;
		};
		AC44C84B22B1685200A7EA15 /* Build configuration list for PBXNativeTarget "SwiftUI-JSON" */ = {
			isa = XCConfigurationList;
			buildConfigurations = (
				AC44C84C22B1685200A7EA15 /* Debug */,
				AC44C84D22B1685200A7EA15 /* Release */,
			);
			defaultConfigurationIsVisible = 0;
			defaultConfigurationName = Release;
		};
/* End XCConfigurationList section */
	};
	rootObject = AC44C82F22B1685100A7EA15 /* Project object */;
}
